
Microsoft Visual Studio Solution File, Format Version 12.00
# Visual Studio Version 16
VisualStudioVersion = 16.0.30011.22
MinimumVisualStudioVersion = 10.0.40219.1
Project("{FAE04EC0-301F-11D3-BF4B-00C04F79EFBC}") = "Docker3", "Docker3\Docker3.csproj", "{86355370-2041-47BB-AB8B-E2378C521237}"
EndProject
Project("{E53339B2-1760-4266-BCC7-CA923CBCF16C}") = "docker-compose", "docker-compose.dcproj", "{39F75C8D-C940-420D-84FE-40EBB7FD3C4E}"
EndProject
Global
	GlobalSection(SolutionConfigurationPlatforms) = preSolution
		Debug|Any CPU = Debug|Any CPU
		Release|Any CPU = Release|Any CPU
	EndGlobalSection
	GlobalSection(ProjectConfigurationPlatforms) = postSolution
		{86355370-2041-47BB-AB8B-E2378C521237}.Debug|Any CPU.ActiveCfg = Debug|Any CPU
		{86355370-2041-47BB-AB8B-E2378C521237}.Debug|Any CPU.Build.0 = Debug|Any CPU
		{86355370-2041-47BB-AB8B-E2378C521237}.Release|Any CPU.ActiveCfg = Release|Any CPU
		{86355370-2041-47BB-AB8B-E2378C521237}.Release|Any CPU.Build.0 = Release|Any CPU
		{39F75C8D-C940-420D-84FE-40EBB7FD3C4E}.Debug|Any CPU.ActiveCfg = Debug|Any CPU
		{39F75C8D-C940-420D-84FE-40EBB7FD3C4E}.Debug|Any CPU.Build.0 = Debug|Any CPU
		{39F75C8D-C940-420D-84FE-40EBB7FD3C4E}.Release|Any CPU.ActiveCfg = Release|Any CPU
		{39F75C8D-C940-420D-84FE-40EBB7FD3C4E}.Release|Any CPU.Build.0 = Release|Any CPU
	EndGlobalSection
	GlobalSection(SolutionProperties) = preSolution
		HideSolutionNode = FALSE
	EndGlobalSection
	GlobalSection(ExtensibilityGlobals) = postSolution
		SolutionGuid = {B9AAA322-08AB-442E-AF41-7A1D3000D939}
	EndGlobalSection
EndGlobal
